
Microsoft Visual Studio Solution File, Format Version 12.00
# Visual Studio Version 16
VisualStudioVersion = 25.0.1706.8
MinimumVisualStudioVersion = 10.0.40219.1
Project("{FAE04EC0-301F-11D3-BF4B-00C04F79EFBC}") = "SWAPIWebAppUI", "SWAPIWebAppUI\SWAPIWebAppUI.csproj", "{B084C154-0516-42C7-9562-0BC4ECE25629}"
EndProject
Project("{FAE04EC0-301F-11D3-BF4B-00C04F79EFBC}") = "SWAPIUnitTests", "SWAPIUnitTests\SWAPIUnitTests.csproj", "{254D3C0F-8177-45C7-ADA0-46AAD93A4EDD}"
EndProject
Global
	GlobalSection(SolutionConfigurationPlatforms) = preSolution
		Debug|Any CPU = Debug|Any CPU
		Release|Any CPU = Release|Any CPU
	EndGlobalSection
	GlobalSection(ProjectConfigurationPlatforms) = postSolution
		{B084C154-0516-42C7-9562-0BC4ECE25629}.Debug|Any CPU.ActiveCfg = Debug|Any CPU
		{B084C154-0516-42C7-9562-0BC4ECE25629}.Debug|Any CPU.Build.0 = Debug|Any CPU
		{B084C154-0516-42C7-9562-0BC4ECE25629}.Release|Any CPU.ActiveCfg = Release|Any CPU
		{B084C154-0516-42C7-9562-0BC4ECE25629}.Release|Any CPU.Build.0 = Release|Any CPU
		{254D3C0F-8177-45C7-ADA0-46AAD93A4EDD}.Debug|Any CPU.ActiveCfg = Debug|Any CPU
		{254D3C0F-8177-45C7-ADA0-46AAD93A4EDD}.Debug|Any CPU.Build.0 = Debug|Any CPU
		{254D3C0F-8177-45C7-ADA0-46AAD93A4EDD}.Release|Any CPU.ActiveCfg = Release|Any CPU
		{254D3C0F-8177-45C7-ADA0-46AAD93A4EDD}.Release|Any CPU.Build.0 = Release|Any CPU
	EndGlobalSection
	GlobalSection(SolutionProperties) = preSolution
		HideSolutionNode = FALSE
	EndGlobalSection
	GlobalSection(ExtensibilityGlobals) = postSolution
		SolutionGuid = {3AC19EA2-BCCA-4017-BB3B-16EB3206DBFA}
	EndGlobalSection
EndGlobal
